// !$*UTF8*$!
{
	archiveVersion = 1;
	classes = {
	};
	objectVersion = 46;
	objects = {

/* Begin PBXBuildFile section */
		1611A124155404CD0023C849 /* UIKit.framework in Frameworks */ = {isa = PBXBuildFile; fileRef = 1611A123155404CD0023C849 /* UIKit.framework */; };
		1611A126155404CD0023C849 /* Foundation.framework in Frameworks */ = {isa = PBXBuildFile; fileRef = 1611A125155404CD0023C849 /* Foundation.framework */; };
		1611A128155404CD0023C849 /* CoreGraphics.framework in Frameworks */ = {isa = PBXBuildFile; fileRef = 1611A127155404CD0023C849 /* CoreGraphics.framework */; };
		1611A12A155404CD0023C849 /* CoreData.framework in Frameworks */ = {isa = PBXBuildFile; fileRef = 1611A129155404CD0023C849 /* CoreData.framework */; };
		1611A130155404CD0023C849 /* InfoPlist.strings in Resources */ = {isa = PBXBuildFile; fileRef = 1611A12E155404CD0023C849 /* InfoPlist.strings */; };
		1611A132155404CD0023C849 /* main.m in Sources */ = {isa = PBXBuildFile; fileRef = 1611A131155404CD0023C849 /* main.m */; };
		1611A136155404CD0023C849 /* AppDelegate.m in Sources */ = {isa = PBXBuildFile; fileRef = 1611A135155404CD0023C849 /* AppDelegate.m */; };
		1611A139155404CD0023C849 /* bdMobileReader.xcdatamodeld in Sources */ = {isa = PBXBuildFile; fileRef = 1611A137155404CD0023C849 /* bdMobileReader.xcdatamodeld */; };
		1611A13C155404CD0023C849 /* MasterViewController.m in Sources */ = {isa = PBXBuildFile; fileRef = 1611A13B155404CD0023C849 /* MasterViewController.m */; };
		1611A13F155404CD0023C849 /* DetailViewController.m in Sources */ = {isa = PBXBuildFile; fileRef = 1611A13E155404CD0023C849 /* DetailViewController.m */; };
		1611A142155404CD0023C849 /* MasterViewController_iPhone.xib in Resources */ = {isa = PBXBuildFile; fileRef = 1611A140155404CD0023C849 /* MasterViewController_iPhone.xib */; };
		1611A145155404CD0023C849 /* MasterViewController_iPad.xib in Resources */ = {isa = PBXBuildFile; fileRef = 1611A143155404CD0023C849 /* MasterViewController_iPad.xib */; };
		1611A148155404CD0023C849 /* DetailViewController_iPhone.xib in Resources */ = {isa = PBXBuildFile; fileRef = 1611A146155404CD0023C849 /* DetailViewController_iPhone.xib */; };
		1611A14B155404CD0023C849 /* DetailViewController_iPad.xib in Resources */ = {isa = PBXBuildFile; fileRef = 1611A149155404CD0023C849 /* DetailViewController_iPad.xib */; };
		165F5E7F1588C033006C59C2 /* GTMHTTPFetcher.m in Sources */ = {isa = PBXBuildFile; fileRef = 165F5E741588C033006C59C2 /* GTMHTTPFetcher.m */; settings = {COMPILER_FLAGS = "-fno-objc-arc"; }; };
		165F5E801588C033006C59C2 /* GTMHTTPFetcherLogging.m in Sources */ = {isa = PBXBuildFile; fileRef = 165F5E761588C033006C59C2 /* GTMHTTPFetcherLogging.m */; settings = {COMPILER_FLAGS = "-fno-objc-arc"; }; };
		165F5E811588C033006C59C2 /* GTMHTTPFetcherService.m in Sources */ = {isa = PBXBuildFile; fileRef = 165F5E781588C033006C59C2 /* GTMHTTPFetcherService.m */; settings = {COMPILER_FLAGS = "-fno-objc-arc"; }; };
		165F5E821588C033006C59C2 /* GTMHTTPFetchHistory.m in Sources */ = {isa = PBXBuildFile; fileRef = 165F5E7A1588C033006C59C2 /* GTMHTTPFetchHistory.m */; settings = {COMPILER_FLAGS = "-fno-objc-arc"; }; };
		165F5E831588C033006C59C2 /* GTMHTTPUploadFetcher.m in Sources */ = {isa = PBXBuildFile; fileRef = 165F5E7C1588C033006C59C2 /* GTMHTTPUploadFetcher.m */; settings = {COMPILER_FLAGS = "-fno-objc-arc"; }; };
		165F5E841588C033006C59C2 /* GTMMIMEDocument.m in Sources */ = {isa = PBXBuildFile; fileRef = 165F5E7E1588C033006C59C2 /* GTMMIMEDocument.m */; settings = {COMPILER_FLAGS = "-fno-objc-arc"; }; };
		165F5E8A1588C070006C59C2 /* GTMOAuth2Authentication.m in Sources */ = {isa = PBXBuildFile; fileRef = 165F5E871588C070006C59C2 /* GTMOAuth2Authentication.m */; settings = {COMPILER_FLAGS = "-fno-objc-arc"; }; };
		165F5E8B1588C070006C59C2 /* GTMOAuth2SignIn.m in Sources */ = {isa = PBXBuildFile; fileRef = 165F5E891588C070006C59C2 /* GTMOAuth2SignIn.m */; settings = {COMPILER_FLAGS = "-fno-objc-arc"; }; };
		165F5E8F1588C07B006C59C2 /* GTMOAuth2ViewControllerTouch.m in Sources */ = {isa = PBXBuildFile; fileRef = 165F5E8D1588C07B006C59C2 /* GTMOAuth2ViewControllerTouch.m */; settings = {COMPILER_FLAGS = "-fno-objc-arc"; }; };
		165F5E901588C07B006C59C2 /* GTMOAuth2ViewTouch.xib in Resources */ = {isa = PBXBuildFile; fileRef = 165F5E8E1588C07B006C59C2 /* GTMOAuth2ViewTouch.xib */; };
		165F5E951588C11E006C59C2 /* GTMGatherInputStream.m in Sources */ = {isa = PBXBuildFile; fileRef = 165F5E921588C11E006C59C2 /* GTMGatherInputStream.m */; settings = {COMPILER_FLAGS = "-fno-objc-arc"; }; };
		165F5E961588C11E006C59C2 /* GTMReadMonitorInputStream.m in Sources */ = {isa = PBXBuildFile; fileRef = 165F5E941588C11E006C59C2 /* GTMReadMonitorInputStream.m */; settings = {COMPILER_FLAGS = "-fno-objc-arc"; }; };
		165F5E981588C15F006C59C2 /* Security.framework in Frameworks */ = {isa = PBXBuildFile; fileRef = 165F5E971588C15F006C59C2 /* Security.framework */; };
		165F5E9A1588C166006C59C2 /* SystemConfiguration.framework in Frameworks */ = {isa = PBXBuildFile; fileRef = 165F5E991588C166006C59C2 /* SystemConfiguration.framework */; };
/* End PBXBuildFile section */

/* Begin PBXFileReference section */
		1611A11F155404CD0023C849 /* bdMobileReader.app */ = {isa = PBXFileReference; explicitFileType = wrapper.application; includeInIndex = 0; path = bdMobileReader.app; sourceTree = BUILT_PRODUCTS_DIR; };
		1611A123155404CD0023C849 /* UIKit.framework */ = {isa = PBXFileReference; lastKnownFileType = wrapper.framework; name = UIKit.framework; path = System/Library/Frameworks/UIKit.framework; sourceTree = SDKROOT; };
		1611A125155404CD0023C849 /* Foundation.framework */ = {isa = PBXFileReference; lastKnownFileType = wrapper.framework; name = Foundation.framework; path = System/Library/Frameworks/Foundation.framework; sourceTree = SDKROOT; };
		1611A127155404CD0023C849 /* CoreGraphics.framework */ = {isa = PBXFileReference; lastKnownFileType = wrapper.framework; name = CoreGraphics.framework; path = System/Library/Frameworks/CoreGraphics.framework; sourceTree = SDKROOT; };
		1611A129155404CD0023C849 /* CoreData.framework */ = {isa = PBXFileReference; lastKnownFileType = wrapper.framework; name = CoreData.framework; path = System/Library/Frameworks/CoreData.framework; sourceTree = SDKROOT; };
		1611A12D155404CD0023C849 /* bdMobileReader-Info.plist */ = {isa = PBXFileReference; lastKnownFileType = text.plist.xml; path = "bdMobileReader-Info.plist"; sourceTree = "<group>"; };
		1611A12F155404CD0023C849 /* en */ = {isa = PBXFileReference; lastKnownFileType = text.plist.strings; name = en; path = en.lproj/InfoPlist.strings; sourceTree = "<group>"; };
		1611A131155404CD0023C849 /* main.m */ = {isa = PBXFileReference; lastKnownFileType = sourcecode.c.objc; path = main.m; sourceTree = "<group>"; };
		1611A133155404CD0023C849 /* bdMobileReader-Prefix.pch */ = {isa = PBXFileReference; lastKnownFileType = sourcecode.c.h; path = "bdMobileReader-Prefix.pch"; sourceTree = "<group>"; };
		1611A134155404CD0023C849 /* AppDelegate.h */ = {isa = PBXFileReference; lastKnownFileType = sourcecode.c.h; path = AppDelegate.h; sourceTree = "<group>"; };
		1611A135155404CD0023C849 /* AppDelegate.m */ = {isa = PBXFileReference; lastKnownFileType = sourcecode.c.objc; path = AppDelegate.m; sourceTree = "<group>"; };
		1611A138155404CD0023C849 /* bdMobileReader.xcdatamodel */ = {isa = PBXFileReference; lastKnownFileType = wrapper.xcdatamodel; path = bdMobileReader.xcdatamodel; sourceTree = "<group>"; };
		1611A13A155404CD0023C849 /* MasterViewController.h */ = {isa = PBXFileReference; lastKnownFileType = sourcecode.c.h; path = MasterViewController.h; sourceTree = "<group>"; };
		1611A13B155404CD0023C849 /* MasterViewController.m */ = {isa = PBXFileReference; lastKnownFileType = sourcecode.c.objc; path = MasterViewController.m; sourceTree = "<group>"; };
		1611A13D155404CD0023C849 /* DetailViewController.h */ = {isa = PBXFileReference; lastKnownFileType = sourcecode.c.h; path = DetailViewController.h; sourceTree = "<group>"; };
		1611A13E155404CD0023C849 /* DetailViewController.m */ = {isa = PBXFileReference; lastKnownFileType = sourcecode.c.objc; path = DetailViewController.m; sourceTree = "<group>"; };
		1611A141155404CD0023C849 /* en */ = {isa = PBXFileReference; lastKnownFileType = file.xib; name = en; path = en.lproj/MasterViewController_iPhone.xib; sourceTree = "<group>"; };
		1611A144155404CD0023C849 /* en */ = {isa = PBXFileReference; lastKnownFileType = file.xib; name = en; path = en.lproj/MasterViewController_iPad.xib; sourceTree = "<group>"; };
		1611A147155404CD0023C849 /* en */ = {isa = PBXFileReference; lastKnownFileType = file.xib; name = en; path = en.lproj/DetailViewController_iPhone.xib; sourceTree = "<group>"; };
		1611A14A155404CD0023C849 /* en */ = {isa = PBXFileReference; lastKnownFileType = file.xib; name = en; path = en.lproj/DetailViewController_iPad.xib; sourceTree = "<group>"; };
		165F5E731588C033006C59C2 /* GTMHTTPFetcher.h */ = {isa = PBXFileReference; fileEncoding = 4; lastKnownFileType = sourcecode.c.h; path = GTMHTTPFetcher.h; sourceTree = "<group>"; };
		165F5E741588C033006C59C2 /* GTMHTTPFetcher.m */ = {isa = PBXFileReference; fileEncoding = 4; lastKnownFileType = sourcecode.c.objc; path = GTMHTTPFetcher.m; sourceTree = "<group>"; };
		165F5E751588C033006C59C2 /* GTMHTTPFetcherLogging.h */ = {isa = PBXFileReference; fileEncoding = 4; lastKnownFileType = sourcecode.c.h; path = GTMHTTPFetcherLogging.h; sourceTree = "<group>"; };
		165F5E761588C033006C59C2 /* GTMHTTPFetcherLogging.m */ = {isa = PBXFileReference; fileEncoding = 4; lastKnownFileType = sourcecode.c.objc; path = GTMHTTPFetcherLogging.m; sourceTree = "<group>"; };
		165F5E771588C033006C59C2 /* GTMHTTPFetcherService.h */ = {isa = PBXFileReference; fileEncoding = 4; lastKnownFileType = sourcecode.c.h; path = GTMHTTPFetcherService.h; sourceTree = "<group>"; };
		165F5E781588C033006C59C2 /* GTMHTTPFetcherService.m */ = {isa = PBXFileReference; fileEncoding = 4; lastKnownFileType = sourcecode.c.objc; path = GTMHTTPFetcherService.m; sourceTree = "<group>"; };
		165F5E791588C033006C59C2 /* GTMHTTPFetchHistory.h */ = {isa = PBXFileReference; fileEncoding = 4; lastKnownFileType = sourcecode.c.h; path = GTMHTTPFetchHistory.h; sourceTree = "<group>"; };
		165F5E7A1588C033006C59C2 /* GTMHTTPFetchHistory.m */ = {isa = PBXFileReference; fileEncoding = 4; lastKnownFileType = sourcecode.c.objc; path = GTMHTTPFetchHistory.m; sourceTree = "<group>"; };
		165F5E7B1588C033006C59C2 /* GTMHTTPUploadFetcher.h */ = {isa = PBXFileReference; fileEncoding = 4; lastKnownFileType = sourcecode.c.h; path = GTMHTTPUploadFetcher.h; sourceTree = "<group>"; };
		165F5E7C1588C033006C59C2 /* GTMHTTPUploadFetcher.m */ = {isa = PBXFileReference; fileEncoding = 4; lastKnownFileType = sourcecode.c.objc; path = GTMHTTPUploadFetcher.m; sourceTree = "<group>"; };
		165F5E7D1588C033006C59C2 /* GTMMIMEDocument.h */ = {isa = PBXFileReference; fileEncoding = 4; lastKnownFileType = sourcecode.c.h; path = GTMMIMEDocument.h; sourceTree = "<group>"; };
		165F5E7E1588C033006C59C2 /* GTMMIMEDocument.m */ = {isa = PBXFileReference; fileEncoding = 4; lastKnownFileType = sourcecode.c.objc; path = GTMMIMEDocument.m; sourceTree = "<group>"; };
		165F5E861588C070006C59C2 /* GTMOAuth2Authentication.h */ = {isa = PBXFileReference; fileEncoding = 4; lastKnownFileType = sourcecode.c.h; path = GTMOAuth2Authentication.h; sourceTree = "<group>"; };
		165F5E871588C070006C59C2 /* GTMOAuth2Authentication.m */ = {isa = PBXFileReference; fileEncoding = 4; lastKnownFileType = sourcecode.c.objc; path = GTMOAuth2Authentication.m; sourceTree = "<group>"; };
		165F5E881588C070006C59C2 /* GTMOAuth2SignIn.h */ = {isa = PBXFileReference; fileEncoding = 4; lastKnownFileType = sourcecode.c.h; path = GTMOAuth2SignIn.h; sourceTree = "<group>"; };
		165F5E891588C070006C59C2 /* GTMOAuth2SignIn.m */ = {isa = PBXFileReference; fileEncoding = 4; lastKnownFileType = sourcecode.c.objc; path = GTMOAuth2SignIn.m; sourceTree = "<group>"; };
		165F5E8C1588C07B006C59C2 /* GTMOAuth2ViewControllerTouch.h */ = {isa = PBXFileReference; fileEncoding = 4; lastKnownFileType = sourcecode.c.h; path = GTMOAuth2ViewControllerTouch.h; sourceTree = "<group>"; };
		165F5E8D1588C07B006C59C2 /* GTMOAuth2ViewControllerTouch.m */ = {isa = PBXFileReference; fileEncoding = 4; lastKnownFileType = sourcecode.c.objc; path = GTMOAuth2ViewControllerTouch.m; sourceTree = "<group>"; };
		165F5E8E1588C07B006C59C2 /* GTMOAuth2ViewTouch.xib */ = {isa = PBXFileReference; fileEncoding = 4; lastKnownFileType = file.xib; path = GTMOAuth2ViewTouch.xib; sourceTree = "<group>"; };
		165F5E911588C11E006C59C2 /* GTMGatherInputStream.h */ = {isa = PBXFileReference; fileEncoding = 4; lastKnownFileType = sourcecode.c.h; path = GTMGatherInputStream.h; sourceTree = "<group>"; };
		165F5E921588C11E006C59C2 /* GTMGatherInputStream.m */ = {isa = PBXFileReference; fileEncoding = 4; lastKnownFileType = sourcecode.c.objc; path = GTMGatherInputStream.m; sourceTree = "<group>"; };
		165F5E931588C11E006C59C2 /* GTMReadMonitorInputStream.h */ = {isa = PBXFileReference; fileEncoding = 4; lastKnownFileType = sourcecode.c.h; path = GTMReadMonitorInputStream.h; sourceTree = "<group>"; };
		165F5E941588C11E006C59C2 /* GTMReadMonitorInputStream.m */ = {isa = PBXFileReference; fileEncoding = 4; lastKnownFileType = sourcecode.c.objc; path = GTMReadMonitorInputStream.m; sourceTree = "<group>"; };
		165F5E971588C15F006C59C2 /* Security.framework */ = {isa = PBXFileReference; lastKnownFileType = wrapper.framework; name = Security.framework; path = System/Library/Frameworks/Security.framework; sourceTree = SDKROOT; };
		165F5E991588C166006C59C2 /* SystemConfiguration.framework */ = {isa = PBXFileReference; lastKnownFileType = wrapper.framework; name = SystemConfiguration.framework; path = System/Library/Frameworks/SystemConfiguration.framework; sourceTree = SDKROOT; };
/* End PBXFileReference section */

/* Begin PBXFrameworksBuildPhase section */
		1611A11C155404CD0023C849 /* Frameworks */ = {
			isa = PBXFrameworksBuildPhase;
			buildActionMask = 2147483647;
			files = (
				165F5E9A1588C166006C59C2 /* SystemConfiguration.framework in Frameworks */,
				165F5E981588C15F006C59C2 /* Security.framework in Frameworks */,
				1611A124155404CD0023C849 /* UIKit.framework in Frameworks */,
				1611A126155404CD0023C849 /* Foundation.framework in Frameworks */,
				1611A128155404CD0023C849 /* CoreGraphics.framework in Frameworks */,
				1611A12A155404CD0023C849 /* CoreData.framework in Frameworks */,
			);
			runOnlyForDeploymentPostprocessing = 0;
		};
/* End PBXFrameworksBuildPhase section */

/* Begin PBXGroup section */
		1611A114155404CD0023C849 = {
			isa = PBXGroup;
			children = (
				165F5E991588C166006C59C2 /* SystemConfiguration.framework */,
				165F5E971588C15F006C59C2 /* Security.framework */,
				1611A12B155404CD0023C849 /* bdMobileReader */,
				1611A122155404CD0023C849 /* Frameworks */,
				1611A120155404CD0023C849 /* Products */,
			);
			sourceTree = "<group>";
		};
		1611A120155404CD0023C849 /* Products */ = {
			isa = PBXGroup;
			children = (
				1611A11F155404CD0023C849 /* bdMobileReader.app */,
			);
			name = Products;
			sourceTree = "<group>";
		};
		1611A122155404CD0023C849 /* Frameworks */ = {
			isa = PBXGroup;
			children = (
				1611A123155404CD0023C849 /* UIKit.framework */,
				1611A125155404CD0023C849 /* Foundation.framework */,
				1611A127155404CD0023C849 /* CoreGraphics.framework */,
				1611A129155404CD0023C849 /* CoreData.framework */,
			);
			name = Frameworks;
			sourceTree = "<group>";
		};
		1611A12B155404CD0023C849 /* bdMobileReader */ = {
			isa = PBXGroup;
			children = (
				165F5E701588BFEC006C59C2 /* gtm */,
				1611A134155404CD0023C849 /* AppDelegate.h */,
				1611A135155404CD0023C849 /* AppDelegate.m */,
				1611A13A155404CD0023C849 /* MasterViewController.h */,
				1611A13B155404CD0023C849 /* MasterViewController.m */,
				1611A13D155404CD0023C849 /* DetailViewController.h */,
				1611A13E155404CD0023C849 /* DetailViewController.m */,
				1611A140155404CD0023C849 /* MasterViewController_iPhone.xib */,
				1611A143155404CD0023C849 /* MasterViewController_iPad.xib */,
				1611A146155404CD0023C849 /* DetailViewController_iPhone.xib */,
				1611A149155404CD0023C849 /* DetailViewController_iPad.xib */,
				1611A137155404CD0023C849 /* bdMobileReader.xcdatamodeld */,
				1611A12C155404CD0023C849 /* Supporting Files */,
			);
			path = bdMobileReader;
			sourceTree = "<group>";
		};
		1611A12C155404CD0023C849 /* Supporting Files */ = {
			isa = PBXGroup;
			children = (
				1611A12D155404CD0023C849 /* bdMobileReader-Info.plist */,
				1611A12E155404CD0023C849 /* InfoPlist.strings */,
				1611A131155404CD0023C849 /* main.m */,
				1611A133155404CD0023C849 /* bdMobileReader-Prefix.pch */,
			);
			name = "Supporting Files";
			sourceTree = "<group>";
		};
		165F5E701588BFEC006C59C2 /* gtm */ = {
			isa = PBXGroup;
			children = (
				165F5E851588C042006C59C2 /* oauth2 */,
				165F5E721588C000006C59C2 /* http-fetcher */,
			);
			name = gtm;
			sourceTree = "<group>";
		};
		165F5E721588C000006C59C2 /* http-fetcher */ = {
			isa = PBXGroup;
			children = (
				165F5E911588C11E006C59C2 /* GTMGatherInputStream.h */,
				165F5E921588C11E006C59C2 /* GTMGatherInputStream.m */,
				165F5E931588C11E006C59C2 /* GTMReadMonitorInputStream.h */,
				165F5E941588C11E006C59C2 /* GTMReadMonitorInputStream.m */,
				165F5E731588C033006C59C2 /* GTMHTTPFetcher.h */,
				165F5E741588C033006C59C2 /* GTMHTTPFetcher.m */,
				165F5E751588C033006C59C2 /* GTMHTTPFetcherLogging.h */,
				165F5E761588C033006C59C2 /* GTMHTTPFetcherLogging.m */,
				165F5E771588C033006C59C2 /* GTMHTTPFetcherService.h */,
				165F5E781588C033006C59C2 /* GTMHTTPFetcherService.m */,
				165F5E791588C033006C59C2 /* GTMHTTPFetchHistory.h */,
				165F5E7A1588C033006C59C2 /* GTMHTTPFetchHistory.m */,
				165F5E7B1588C033006C59C2 /* GTMHTTPUploadFetcher.h */,
				165F5E7C1588C033006C59C2 /* GTMHTTPUploadFetcher.m */,
				165F5E7D1588C033006C59C2 /* GTMMIMEDocument.h */,
				165F5E7E1588C033006C59C2 /* GTMMIMEDocument.m */,
			);
			name = "http-fetcher";
			sourceTree = "<group>";
		};
		165F5E851588C042006C59C2 /* oauth2 */ = {
			isa = PBXGroup;
			children = (
				165F5E8C1588C07B006C59C2 /* GTMOAuth2ViewControllerTouch.h */,
				165F5E8D1588C07B006C59C2 /* GTMOAuth2ViewControllerTouch.m */,
				165F5E8E1588C07B006C59C2 /* GTMOAuth2ViewTouch.xib */,
				165F5E861588C070006C59C2 /* GTMOAuth2Authentication.h */,
				165F5E871588C070006C59C2 /* GTMOAuth2Authentication.m */,
				165F5E881588C070006C59C2 /* GTMOAuth2SignIn.h */,
				165F5E891588C070006C59C2 /* GTMOAuth2SignIn.m */,
			);
			name = oauth2;
			sourceTree = "<group>";
		};
/* End PBXGroup section */

/* Begin PBXNativeTarget section */
		1611A11E155404CD0023C849 /* bdMobileReader */ = {
			isa = PBXNativeTarget;
			buildConfigurationList = 1611A14E155404CD0023C849 /* Build configuration list for PBXNativeTarget "bdMobileReader" */;
			buildPhases = (
				1611A11B155404CD0023C849 /* Sources */,
				1611A11C155404CD0023C849 /* Frameworks */,
				1611A11D155404CD0023C849 /* Resources */,
			);
			buildRules = (
			);
			dependencies = (
			);
			name = bdMobileReader;
			productName = bdMobileReader;
			productReference = 1611A11F155404CD0023C849 /* bdMobileReader.app */;
			productType = "com.apple.product-type.application";
		};
/* End PBXNativeTarget section */

/* Begin PBXProject section */
		1611A116155404CD0023C849 /* Project object */ = {
			isa = PBXProject;
			attributes = {
				LastUpgradeCheck = 0430;
				ORGANIZATIONNAME = UET;
			};
			buildConfigurationList = 1611A119155404CD0023C849 /* Build configuration list for PBXProject "bdMobileReader" */;
			compatibilityVersion = "Xcode 3.2";
			developmentRegion = English;
			hasScannedForEncodings = 0;
			knownRegions = (
				en,
			);
			mainGroup = 1611A114155404CD0023C849;
			productRefGroup = 1611A120155404CD0023C849 /* Products */;
			projectDirPath = "";
			projectRoot = "";
			targets = (
				1611A11E155404CD0023C849 /* bdMobileReader */,
			);
		};
/* End PBXProject section */

/* Begin PBXResourcesBuildPhase section */
		1611A11D155404CD0023C849 /* Resources */ = {
			isa = PBXResourcesBuildPhase;
			buildActionMask = 2147483647;
			files = (
				1611A130155404CD0023C849 /* InfoPlist.strings in Resources */,
				1611A142155404CD0023C849 /* MasterViewController_iPhone.xib in Resources */,
				1611A145155404CD0023C849 /* MasterViewController_iPad.xib in Resources */,
				1611A148155404CD0023C849 /* DetailViewController_iPhone.xib in Resources */,
				1611A14B155404CD0023C849 /* DetailViewController_iPad.xib in Resources */,
				165F5E901588C07B006C59C2 /* GTMOAuth2ViewTouch.xib in Resources */,
			);
			runOnlyForDeploymentPostprocessing = 0;
		};
/* End PBXResourcesBuildPhase section */

/* Begin PBXSourcesBuildPhase section */
		1611A11B155404CD0023C849 /* Sources */ = {
			isa = PBXSourcesBuildPhase;
			buildActionMask = 2147483647;
			files = (
				1611A132155404CD0023C849 /* main.m in Sources */,
				1611A136155404CD0023C849 /* AppDelegate.m in Sources */,
				1611A139155404CD0023C849 /* bdMobileReader.xcdatamodeld in Sources */,
				1611A13C155404CD0023C849 /* MasterViewController.m in Sources */,
				1611A13F155404CD0023C849 /* DetailViewController.m in Sources */,
				165F5E7F1588C033006C59C2 /* GTMHTTPFetcher.m in Sources */,
				165F5E801588C033006C59C2 /* GTMHTTPFetcherLogging.m in Sources */,
				165F5E811588C033006C59C2 /* GTMHTTPFetcherService.m in Sources */,
				165F5E821588C033006C59C2 /* GTMHTTPFetchHistory.m in Sources */,
				165F5E831588C033006C59C2 /* GTMHTTPUploadFetcher.m in Sources */,
				165F5E841588C033006C59C2 /* GTMMIMEDocument.m in Sources */,
				165F5E8A1588C070006C59C2 /* GTMOAuth2Authentication.m in Sources */,
				165F5E8B1588C070006C59C2 /* GTMOAuth2SignIn.m in Sources */,
				165F5E8F1588C07B006C59C2 /* GTMOAuth2ViewControllerTouch.m in Sources */,
				165F5E951588C11E006C59C2 /* GTMGatherInputStream.m in Sources */,
				165F5E961588C11E006C59C2 /* GTMReadMonitorInputStream.m in Sources */,
			);
			runOnlyForDeploymentPostprocessing = 0;
		};
/* End PBXSourcesBuildPhase section */

/* Begin PBXVariantGroup section */
		1611A12E155404CD0023C849 /* InfoPlist.strings */ = {
			isa = PBXVariantGroup;
			children = (
				1611A12F155404CD0023C849 /* en */,
			);
			name = InfoPlist.strings;
			sourceTree = "<group>";
		};
		1611A140155404CD0023C849 /* MasterViewController_iPhone.xib */ = {
			isa = PBXVariantGroup;
			children = (
				1611A141155404CD0023C849 /* en */,
			);
			name = MasterViewController_iPhone.xib;
			sourceTree = "<group>";
		};
		1611A143155404CD0023C849 /* MasterViewController_iPad.xib */ = {
			isa = PBXVariantGroup;
			children = (
				1611A144155404CD0023C849 /* en */,
			);
			name = MasterViewController_iPad.xib;
			sourceTree = "<group>";
		};
		1611A146155404CD0023C849 /* DetailViewController_iPhone.xib */ = {
			isa = PBXVariantGroup;
			children = (
				1611A147155404CD0023C849 /* en */,
			);
			name = DetailViewController_iPhone.xib;
			sourceTree = "<group>";
		};
		1611A149155404CD0023C849 /* DetailViewController_iPad.xib */ = {
			isa = PBXVariantGroup;
			children = (
				1611A14A155404CD0023C849 /* en */,
			);
			name = DetailViewController_iPad.xib;
			sourceTree = "<group>";
		};
/* End PBXVariantGroup section */

/* Begin XCBuildConfiguration section */
		1611A14C155404CD0023C849 /* Debug */ = {
			isa = XCBuildConfiguration;
			buildSettings = {
				ALWAYS_SEARCH_USER_PATHS = NO;
				ARCHS = "$(ARCHS_STANDARD_32_BIT)";
				CLANG_ENABLE_OBJC_ARC = YES;
				"CODE_SIGN_IDENTITY[sdk=iphoneos*]" = "iPhone Developer";
				COPY_PHASE_STRIP = NO;
				GCC_C_LANGUAGE_STANDARD = gnu99;
				GCC_DYNAMIC_NO_PIC = NO;
				GCC_OPTIMIZATION_LEVEL = 0;
				GCC_PREPROCESSOR_DEFINITIONS = (
					"DEBUG=1",
					"$(inherited)",
				);
				GCC_SYMBOLS_PRIVATE_EXTERN = NO;
				GCC_VERSION = com.apple.compilers.llvm.clang.1_0;
				GCC_WARN_ABOUT_RETURN_TYPE = YES;
				GCC_WARN_UNINITIALIZED_AUTOS = YES;
				GCC_WARN_UNUSED_VARIABLE = YES;
				IPHONEOS_DEPLOYMENT_TARGET = 5.0;
				SDKROOT = iphoneos;
				TARGETED_DEVICE_FAMILY = "1,2";
			};
			name = Debug;
		};
		1611A14D155404CD0023C849 /* Release */ = {
			isa = XCBuildConfiguration;
			buildSettings = {
				ALWAYS_SEARCH_USER_PATHS = NO;
				ARCHS = "$(ARCHS_STANDARD_32_BIT)";
				CLANG_ENABLE_OBJC_ARC = YES;
				"CODE_SIGN_IDENTITY[sdk=iphoneos*]" = "iPhone Developer";
				COPY_PHASE_STRIP = YES;
				GCC_C_LANGUAGE_STANDARD = gnu99;
				GCC_VERSION = com.apple.compilers.llvm.clang.1_0;
				GCC_WARN_ABOUT_RETURN_TYPE = YES;
				GCC_WARN_UNINITIALIZED_AUTOS = YES;
				GCC_WARN_UNUSED_VARIABLE = YES;
				IPHONEOS_DEPLOYMENT_TARGET = 5.0;
				OTHER_CFLAGS = "-DNS_BLOCK_ASSERTIONS=1";
				SDKROOT = iphoneos;
				TARGETED_DEVICE_FAMILY = "1,2";
				VALIDATE_PRODUCT = YES;
			};
			name = Release;
		};
		1611A14F155404CD0023C849 /* Debug */ = {
			isa = XCBuildConfiguration;
			buildSettings = {
				GCC_PRECOMPILE_PREFIX_HEADER = YES;
				GCC_PREFIX_HEADER = "bdMobileReader/bdMobileReader-Prefix.pch";
				INFOPLIST_FILE = "bdMobileReader/bdMobileReader-Info.plist";
				PRODUCT_NAME = "$(TARGET_NAME)";
				WRAPPER_EXTENSION = app;
			};
			name = Debug;
		};
		1611A150155404CD0023C849 /* Release */ = {
			isa = XCBuildConfiguration;
			buildSettings = {
				GCC_PRECOMPILE_PREFIX_HEADER = YES;
				GCC_PREFIX_HEADER = "bdMobileReader/bdMobileReader-Prefix.pch";
				INFOPLIST_FILE = "bdMobileReader/bdMobileReader-Info.plist";
				PRODUCT_NAME = "$(TARGET_NAME)";
				WRAPPER_EXTENSION = app;
			};
			name = Release;
		};
/* End XCBuildConfiguration section */

/* Begin XCConfigurationList section */
		1611A119155404CD0023C849 /* Build configuration list for PBXProject "bdMobileReader" */ = {
			isa = XCConfigurationList;
			buildConfigurations = (
				1611A14C155404CD0023C849 /* Debug */,
				1611A14D155404CD0023C849 /* Release */,
			);
			defaultConfigurationIsVisible = 0;
			defaultConfigurationName = Release;
		};
		1611A14E155404CD0023C849 /* Build configuration list for PBXNativeTarget "bdMobileReader" */ = {
			isa = XCConfigurationList;
			buildConfigurations = (
				1611A14F155404CD0023C849 /* Debug */,
				1611A150155404CD0023C849 /* Release */,
			);
			defaultConfigurationIsVisible = 0;
			defaultConfigurationName = Release;
		};
/* End XCConfigurationList section */

/* Begin XCVersionGroup section */
		1611A137155404CD0023C849 /* bdMobileReader.xcdatamodeld */ = {
			isa = XCVersionGroup;
			children = (
				1611A138155404CD0023C849 /* bdMobileReader.xcdatamodel */,
			);
			currentVersion = 1611A138155404CD0023C849 /* bdMobileReader.xcdatamodel */;
			path = bdMobileReader.xcdatamodeld;
			sourceTree = "<group>";
			versionGroupType = wrapper.xcdatamodel;
		};
/* End XCVersionGroup section */
	};
	rootObject = 1611A116155404CD0023C849 /* Project object */;
}
